// !$*UTF8*$!
{
	archiveVersion = 1;
	classes = {
	};
	objectVersion = 46;
	objects = {

/* Begin PBXBuildFile section */
		9F556F111A1B1CFF00E3ED89 /* AppDelegate.swift in Sources */ = {isa = PBXBuildFile; fileRef = 9F556F101A1B1CFF00E3ED89 /* AppDelegate.swift */; };
		9F556F131A1B1CFF00E3ED89 /* ViewController.swift in Sources */ = {isa = PBXBuildFile; fileRef = 9F556F121A1B1CFF00E3ED89 /* ViewController.swift */; };
		9F556F161A1B1D0000E3ED89 /* Main.storyboard in Resources */ = {isa = PBXBuildFile; fileRef = 9F556F141A1B1D0000E3ED89 /* Main.storyboard */; };
		9F556F181A1B1D0000E3ED89 /* Images.xcassets in Resources */ = {isa = PBXBuildFile; fileRef = 9F556F171A1B1D0000E3ED89 /* Images.xcassets */; };
		9F556F1B1A1B1D0000E3ED89 /* LaunchScreen.xib in Resources */ = {isa = PBXBuildFile; fileRef = 9F556F191A1B1D0000E3ED89 /* LaunchScreen.xib */; };
		9F556F271A1B1D0000E3ED89 /* ALHUDTests.swift in Sources */ = {isa = PBXBuildFile; fileRef = 9F556F261A1B1D0000E3ED89 /* ALHUDTests.swift */; };
/* End PBXBuildFile section */

/* Begin PBXContainerItemProxy section */
		9F556F211A1B1D0000E3ED89 /* PBXContainerItemProxy */ = {
			isa = PBXContainerItemProxy;
			containerPortal = 9F556F031A1B1CFF00E3ED89 /* Project object */;
			proxyType = 1;
			remoteGlobalIDString = 9F556F0A1A1B1CFF00E3ED89;
			remoteInfo = ALHUD;
		};
/* End PBXContainerItemProxy section */

/* Begin PBXFileReference section */
		9F556F0B1A1B1CFF00E3ED89 /* ALHUD.app */ = {isa = PBXFileReference; explicitFileType = wrapper.application; includeInIndex = 0; path = ALHUD.app; sourceTree = BUILT_PRODUCTS_DIR; };
		9F556F0F1A1B1CFF00E3ED89 /* Info.plist */ = {isa = PBXFileReference; lastKnownFileType = text.plist.xml; path = Info.plist; sourceTree = "<group>"; };
		9F556F101A1B1CFF00E3ED89 /* AppDelegate.swift */ = {isa = PBXFileReference; lastKnownFileType = sourcecode.swift; path = AppDelegate.swift; sourceTree = "<group>"; };
		9F556F121A1B1CFF00E3ED89 /* ViewController.swift */ = {isa = PBXFileReference; lastKnownFileType = sourcecode.swift; path = ViewController.swift; sourceTree = "<group>"; };
		9F556F151A1B1D0000E3ED89 /* Base */ = {isa = PBXFileReference; lastKnownFileType = file.storyboard; name = Base; path = Base.lproj/Main.storyboard; sourceTree = "<group>"; };
		9F556F171A1B1D0000E3ED89 /* Images.xcassets */ = {isa = PBXFileReference; lastKnownFileType = folder.assetcatalog; path = Images.xcassets; sourceTree = "<group>"; };
		9F556F1A1A1B1D0000E3ED89 /* Base */ = {isa = PBXFileReference; lastKnownFileType = file.xib; name = Base; path = Base.lproj/LaunchScreen.xib; sourceTree = "<group>"; };
		9F556F201A1B1D0000E3ED89 /* ALHUDTests.xctest */ = {isa = PBXFileReference; explicitFileType = wrapper.cfbundle; includeInIndex = 0; path = ALHUDTests.xctest; sourceTree = BUILT_PRODUCTS_DIR; };
		9F556F251A1B1D0000E3ED89 /* Info.plist */ = {isa = PBXFileReference; lastKnownFileType = text.plist.xml; path = Info.plist; sourceTree = "<group>"; };
		9F556F261A1B1D0000E3ED89 /* ALHUDTests.swift */ = {isa = PBXFileReference; lastKnownFileType = sourcecode.swift; path = ALHUDTests.swift; sourceTree = "<group>"; };
/* End PBXFileReference section */

/* Begin PBXFrameworksBuildPhase section */
		9F556F081A1B1CFF00E3ED89 /* Frameworks */ = {
			isa = PBXFrameworksBuildPhase;
			buildActionMask = 2147483647;
			files = (
			);
			runOnlyForDeploymentPostprocessing = 0;
		};
		9F556F1D1A1B1D0000E3ED89 /* Frameworks */ = {
			isa = PBXFrameworksBuildPhase;
			buildActionMask = 2147483647;
			files = (
			);
			runOnlyForDeploymentPostprocessing = 0;
		};
/* End PBXFrameworksBuildPhase section */

/* Begin PBXGroup section */
		9F556F021A1B1CFF00E3ED89 = {
			isa = PBXGroup;
			children = (
				9F556F0D1A1B1CFF00E3ED89 /* ALHUD */,
				9F556F231A1B1D0000E3ED89 /* ALHUDTests */,
				9F556F0C1A1B1CFF00E3ED89 /* Products */,
			);
			sourceTree = "<group>";
		};
		9F556F0C1A1B1CFF00E3ED89 /* Products */ = {
			isa = PBXGroup;
			children = (
				9F556F0B1A1B1CFF00E3ED89 /* ALHUD.app */,
				9F556F201A1B1D0000E3ED89 /* ALHUDTests.xctest */,
			);
			name = Products;
			sourceTree = "<group>";
		};
		9F556F0D1A1B1CFF00E3ED89 /* ALHUD */ = {
			isa = PBXGroup;
			children = (
				9F556F101A1B1CFF00E3ED89 /* AppDelegate.swift */,
				9F556F121A1B1CFF00E3ED89 /* ViewController.swift */,
				9F556F141A1B1D0000E3ED89 /* Main.storyboard */,
				9F556F171A1B1D0000E3ED89 /* Images.xcassets */,
				9F556F191A1B1D0000E3ED89 /* LaunchScreen.xib */,
				9F556F0E1A1B1CFF00E3ED89 /* Supporting Files */,
			);
			path = ALHUD;
			sourceTree = "<group>";
		};
		9F556F0E1A1B1CFF00E3ED89 /* Supporting Files */ = {
			isa = PBXGroup;
			children = (
				9F556F0F1A1B1CFF00E3ED89 /* Info.plist */,
			);
			name = "Supporting Files";
			sourceTree = "<group>";
		};
		9F556F231A1B1D0000E3ED89 /* ALHUDTests */ = {
			isa = PBXGroup;
			children = (
				9F556F261A1B1D0000E3ED89 /* ALHUDTests.swift */,
				9F556F241A1B1D0000E3ED89 /* Supporting Files */,
			);
			path = ALHUDTests;
			sourceTree = "<group>";
		};
		9F556F241A1B1D0000E3ED89 /* Supporting Files */ = {
			isa = PBXGroup;
			children = (
				9F556F251A1B1D0000E3ED89 /* Info.plist */,
			);
			name = "Supporting Files";
			sourceTree = "<group>";
		};
/* End PBXGroup section */

/* Begin PBXNativeTarget section */
		9F556F0A1A1B1CFF00E3ED89 /* ALHUD */ = {
			isa = PBXNativeTarget;
			buildConfigurationList = 9F556F2A1A1B1D0000E3ED89 /* Build configuration list for PBXNativeTarget "ALHUD" */;
			buildPhases = (
				9F556F071A1B1CFF00E3ED89 /* Sources */,
				9F556F081A1B1CFF00E3ED89 /* Frameworks */,
				9F556F091A1B1CFF00E3ED89 /* Resources */,
			);
			buildRules = (
			);
			dependencies = (
			);
			name = ALHUD;
			productName = ALHUD;
			productReference = 9F556F0B1A1B1CFF00E3ED89 /* ALHUD.app */;
			productType = "com.apple.product-type.application";
		};
		9F556F1F1A1B1D0000E3ED89 /* ALHUDTests */ = {
			isa = PBXNativeTarget;
			buildConfigurationList = 9F556F2D1A1B1D0000E3ED89 /* Build configuration list for PBXNativeTarget "ALHUDTests" */;
			buildPhases = (
				9F556F1C1A1B1D0000E3ED89 /* Sources */,
				9F556F1D1A1B1D0000E3ED89 /* Frameworks */,
				9F556F1E1A1B1D0000E3ED89 /* Resources */,
			);
			buildRules = (
			);
			dependencies = (
				9F556F221A1B1D0000E3ED89 /* PBXTargetDependency */,
			);
			name = ALHUDTests;
			productName = ALHUDTests;
			productReference = 9F556F201A1B1D0000E3ED89 /* ALHUDTests.xctest */;
			productType = "com.apple.product-type.bundle.unit-test";
		};
/* End PBXNativeTarget section */

/* Begin PBXProject section */
		9F556F031A1B1CFF00E3ED89 /* Project object */ = {
			isa = PBXProject;
			attributes = {
				LastUpgradeCheck = 0610;
				ORGANIZATIONNAME = Allen.Young;
				TargetAttributes = {
					9F556F0A1A1B1CFF00E3ED89 = {
						CreatedOnToolsVersion = 6.1;
					};
					9F556F1F1A1B1D0000E3ED89 = {
						CreatedOnToolsVersion = 6.1;
						TestTargetID = 9F556F0A1A1B1CFF00E3ED89;
					};
				};
			};
			buildConfigurationList = 9F556F061A1B1CFF00E3ED89 /* Build configuration list for PBXProject "ALHUD" */;
			compatibilityVersion = "Xcode 3.2";
			developmentRegion = English;
			hasScannedForEncodings = 0;
			knownRegions = (
				en,
				Base,
			);
			mainGroup = 9F556F021A1B1CFF00E3ED89;
			productRefGroup = 9F556F0C1A1B1CFF00E3ED89 /* Products */;
			projectDirPath = "";
			projectRoot = "";
			targets = (
				9F556F0A1A1B1CFF00E3ED89 /* ALHUD */,
				9F556F1F1A1B1D0000E3ED89 /* ALHUDTests */,
			);
		};
/* End PBXProject section */

/* Begin PBXResourcesBuildPhase section */
		9F556F091A1B1CFF00E3ED89 /* Resources */ = {
			isa = PBXResourcesBuildPhase;
			buildActionMask = 2147483647;
			files = (
				9F556F161A1B1D0000E3ED89 /* Main.storyboard in Resources */,
				9F556F1B1A1B1D0000E3ED89 /* LaunchScreen.xib in Resources */,
				9F556F181A1B1D0000E3ED89 /* Images.xcassets in Resources */,
			);
			runOnlyForDeploymentPostprocessing = 0;
		};
		9F556F1E1A1B1D0000E3ED89 /* Resources */ = {
			isa = PBXResourcesBuildPhase;
			buildActionMask = 2147483647;
			files = (
			);
			runOnlyForDeploymentPostprocessing = 0;
		};
/* End PBXResourcesBuildPhase section */

/* Begin PBXSourcesBuildPhase section */
		9F556F071A1B1CFF00E3ED89 /* Sources */ = {
			isa = PBXSourcesBuildPhase;
			buildActionMask = 2147483647;
			files = (
				9F556F131A1B1CFF00E3ED89 /* ViewController.swift in Sources */,
				9F556F111A1B1CFF00E3ED89 /* AppDelegate.swift in Sources */,
			);
			runOnlyForDeploymentPostprocessing = 0;
		};
		9F556F1C1A1B1D0000E3ED89 /* Sources */ = {
			isa = PBXSourcesBuildPhase;
			buildActionMask = 2147483647;
			files = (
				9F556F271A1B1D0000E3ED89 /* ALHUDTests.swift in Sources */,
			);
			runOnlyForDeploymentPostprocessing = 0;
		};
/* End PBXSourcesBuildPhase section */

/* Begin PBXTargetDependency section */
		9F556F221A1B1D0000E3ED89 /* PBXTargetDependency */ = {
			isa = PBXTargetDependency;
			target = 9F556F0A1A1B1CFF00E3ED89 /* ALHUD */;
			targetProxy = 9F556F211A1B1D0000E3ED89 /* PBXContainerItemProxy */;
		};
/* End PBXTargetDependency section */

/* Begin PBXVariantGroup section */
		9F556F141A1B1D0000E3ED89 /* Main.storyboard */ = {
			isa = PBXVariantGroup;
			children = (
				9F556F151A1B1D0000E3ED89 /* Base */,
			);
			name = Main.storyboard;
			sourceTree = "<group>";
		};
		9F556F191A1B1D0000E3ED89 /* LaunchScreen.xib */ = {
			isa = PBXVariantGroup;
			children = (
				9F556F1A1A1B1D0000E3ED89 /* Base */,
			);
			name = LaunchScreen.xib;
			sourceTree = "<group>";
		};
/* End PBXVariantGroup section */

/* Begin XCBuildConfiguration section */
		9F556F281A1B1D0000E3ED89 /* Debug */ = {
			isa = XCBuildConfiguration;
			buildSettings = {
				ALWAYS_SEARCH_USER_PATHS = NO;
				CLANG_CXX_LANGUAGE_STANDARD = "gnu++0x";
				CLANG_CXX_LIBRARY = "libc++";
				CLANG_ENABLE_MODULES = YES;
				CLANG_ENABLE_OBJC_ARC = YES;
				CLANG_WARN_BOOL_CONVERSION = YES;
				CLANG_WARN_CONSTANT_CONVERSION = YES;
				CLANG_WARN_DIRECT_OBJC_ISA_USAGE = YES_ERROR;
				CLANG_WARN_EMPTY_BODY = YES;
				CLANG_WARN_ENUM_CONVERSION = YES;
				CLANG_WARN_INT_CONVERSION = YES;
				CLANG_WARN_OBJC_ROOT_CLASS = YES_ERROR;
				CLANG_WARN_UNREACHABLE_CODE = YES;
				CLANG_WARN__DUPLICATE_METHOD_MATCH = YES;
				"CODE_SIGN_IDENTITY[sdk=iphoneos*]" = "iPhone Developer";
				COPY_PHASE_STRIP = NO;
				ENABLE_STRICT_OBJC_MSGSEND = YES;
				GCC_C_LANGUAGE_STANDARD = gnu99;
				GCC_DYNAMIC_NO_PIC = NO;
				GCC_OPTIMIZATION_LEVEL = 0;
				GCC_PREPROCESSOR_DEFINITIONS = (
					"DEBUG=1",
					"$(inherited)",
				);
				GCC_SYMBOLS_PRIVATE_EXTERN = NO;
				GCC_WARN_64_TO_32_BIT_CONVERSION = YES;
				GCC_WARN_ABOUT_RETURN_TYPE = YES_ERROR;
				GCC_WARN_UNDECLARED_SELECTOR = YES;
				GCC_WARN_UNINITIALIZED_AUTOS = YES_AGGRESSIVE;
				GCC_WARN_UNUSED_FUNCTION = YES;
				GCC_WARN_UNUSED_VARIABLE = YES;
				IPHONEOS_DEPLOYMENT_TARGET = 8.1;
				MTL_ENABLE_DEBUG_INFO = YES;
				ONLY_ACTIVE_ARCH = YES;
				SDKROOT = iphoneos;
				SWIFT_OPTIMIZATION_LEVEL = "-Onone";
				TARGETED_DEVICE_FAMILY = "1,2";
			};
			name = Debug;
		};
		9F556F291A1B1D0000E3ED89 /* Release */ = {
			isa = XCBuildConfiguration;
			buildSettings = {
				ALWAYS_SEARCH_USER_PATHS = NO;
				CLANG_CXX_LANGUAGE_STANDARD = "gnu++0x";
				CLANG_CXX_LIBRARY = "libc++";
				CLANG_ENABLE_MODULES = YES;
				CLANG_ENABLE_OBJC_ARC = YES;
				CLANG_WARN_BOOL_CONVERSION = YES;
				CLANG_WARN_CONSTANT_CONVERSION = YES;
				CLANG_WARN_DIRECT_OBJC_ISA_USAGE = YES_ERROR;
				CLANG_WARN_EMPTY_BODY = YES;
				CLANG_WARN_ENUM_CONVERSION = YES;
				CLANG_WARN_INT_CONVERSION = YES;
				CLANG_WARN_OBJC_ROOT_CLASS = YES_ERROR;
				CLANG_WARN_UNREACHABLE_CODE = YES;
				CLANG_WARN__DUPLICATE_METHOD_MATCH = YES;
				"CODE_SIGN_IDENTITY[sdk=iphoneos*]" = "iPhone Developer";
				COPY_PHASE_STRIP = YES;
				ENABLE_NS_ASSERTIONS = NO;
				ENABLE_STRICT_OBJC_MSGSEND = YES;
				GCC_C_LANGUAGE_STANDARD = gnu99;
				GCC_WARN_64_TO_32_BIT_CONVERSION = YES;
				GCC_WARN_ABOUT_RETURN_TYPE = YES_ERROR;
				GCC_WARN_UNDECLARED_SELECTOR = YES;
				GCC_WARN_UNINITIALIZED_AUTOS = YES_AGGRESSIVE;
				GCC_WARN_UNUSED_FUNCTION = YES;
				GCC_WARN_UNUSED_VARIABLE = YES;
				IPHONEOS_DEPLOYMENT_TARGET = 8.1;
				MTL_ENABLE_DEBUG_INFO = NO;
				SDKROOT = iphoneos;
				TARGETED_DEVICE_FAMILY = "1,2";
				VALIDATE_PRODUCT = YES;
			};
			name = Release;
		};
		9F556F2B1A1B1D0000E3ED89 /* Debug */ = {
			isa = XCBuildConfiguration;
			buildSettings = {
				ASSETCATALOG_COMPILER_APPICON_NAME = AppIcon;
				INFOPLIST_FILE = ALHUD/Info.plist;
				LD_RUNPATH_SEARCH_PATHS = "$(inherited) @executable_path/Frameworks";
				PRODUCT_NAME = "$(TARGET_NAME)";
			};
			name = Debug;
		};
		9F556F2C1A1B1D0000E3ED89 /* Release */ = {
			isa = XCBuildConfiguration;
			buildSettings = {
				ASSETCATALOG_COMPILER_APPICON_NAME = AppIcon;
				INFOPLIST_FILE = ALHUD/Info.plist;
				LD_RUNPATH_SEARCH_PATHS = "$(inherited) @executable_path/Frameworks";
				PRODUCT_NAME = "$(TARGET_NAME)";
			};
			name = Release;
		};
		9F556F2E1A1B1D0000E3ED89 /* Debug */ = {
			isa = XCBuildConfiguration;
			buildSettings = {
				BUNDLE_LOADER = "$(TEST_HOST)";
				FRAMEWORK_SEARCH_PATHS = (
					"$(SDKROOT)/Developer/Library/Frameworks",
					"$(inherited)",
				);
				GCC_PREPROCESSOR_DEFINITIONS = (
					"DEBUG=1",
					"$(inherited)",
				);
				INFOPLIST_FILE = ALHUDTests/Info.plist;
				LD_RUNPATH_SEARCH_PATHS = "$(inherited) @executable_path/Frameworks @loader_path/Frameworks";
				PRODUCT_NAME = "$(TARGET_NAME)";
				TEST_HOST = "$(BUILT_PRODUCTS_DIR)/ALHUD.app/ALHUD";
			};
			name = Debug;
		};
		9F556F2F1A1B1D0000E3ED89 /* Release */ = {
			isa = XCBuildConfiguration;
			buildSettings = {
				BUNDLE_LOADER = "$(TEST_HOST)";
				FRAMEWORK_SEARCH_PATHS = (
					"$(SDKROOT)/Developer/Library/Frameworks",
					"$(inherited)",
				);
				INFOPLIST_FILE = ALHUDTests/Info.plist;
				LD_RUNPATH_SEARCH_PATHS = "$(inherited) @executable_path/Frameworks @loader_path/Frameworks";
				PRODUCT_NAME = "$(TARGET_NAME)";
				TEST_HOST = "$(BUILT_PRODUCTS_DIR)/ALHUD.app/ALHUD";
			};
			name = Release;
		};
/* End XCBuildConfiguration section */

/* Begin XCConfigurationList section */
		9F556F061A1B1CFF00E3ED89 /* Build configuration list for PBXProject "ALHUD" */ = {
			isa = XCConfigurationList;
			buildConfigurations = (
				9F556F281A1B1D0000E3ED89 /* Debug */,
				9F556F291A1B1D0000E3ED89 /* Release */,
			);
			defaultConfigurationIsVisible = 0;
			defaultConfigurationName = Release;
		};
		9F556F2A1A1B1D0000E3ED89 /* Build configuration list for PBXNativeTarget "ALHUD" */ = {
			isa = XCConfigurationList;
			buildConfigurations = (
				9F556F2B1A1B1D0000E3ED89 /* Debug */,
				9F556F2C1A1B1D0000E3ED89 /* Release */,
			);
			defaultConfigurationIsVisible = 0;
		};
		9F556F2D1A1B1D0000E3ED89 /* Build configuration list for PBXNativeTarget "ALHUDTests" */ = {
			isa = XCConfigurationList;
			buildConfigurations = (
				9F556F2E1A1B1D0000E3ED89 /* Debug */,
				9F556F2F1A1B1D0000E3ED89 /* Release */,
			);
			defaultConfigurationIsVisible = 0;
		};
/* End XCConfigurationList section */
	};
	rootObject = 9F556F031A1B1CFF00E3ED89 /* Project object */;
}
